<Solution>
  <Project Path="OpenWebPbx.Checks/OpenWebPbx.Checks.csproj" />
  <Project Path="OpenWebPbx.Desktop/OpenWebPbx.Desktop.csproj">
    <Platform Project="x64" />
  </Project>
  <Project Path="OpenWebPbx.Server/OpenWebPbx.Server.csproj" />
  <Project Path="OpenWebPbx.Updater/OpenWebPbx.Updater.csproj" />
  <Project Path="OpenWebPbx.Updater.Checks/OpenWebPbx.Updater.Checks.csproj" />
</Solution>
